<?xml version="1.0" encoding="utf-8"?>
<Project ToolsVersion="4.0" xmlns="http://schemas.microsoft.com/developer/msbuild/2003">
  <ItemGroup>
    <Filter Include="Source Files">
      <UniqueIdentifier>{4FC737F1-C7A5-4376-A066-2A32D752A2FF}</UniqueIdentifier>
      <Extensions>cpp;c;cc;cxx;c++;cppm;ixx;def;odl;idl;hpj;bat;asm;asmx</Extensions>
    </Filter>
    <Filter Include="Header Files">
      <UniqueIdentifier>{93995380-89BD-4b04-88EB-625FBE52EBFB}</UniqueIdentifier>
      <Extensions>h;hh;hpp;hxx;h++;hm;inl;inc;ipp;xsd</Extensions>
    </Filter>
    <Filter Include="Resource Files">
      <UniqueIdentifier>{67DA6AB6-F800-4c08-8B7A-83BB121AAD01}</UniqueIdentifier>
      <Extensions>rc;ico;cur;bmp;dlg;rc2;rct;bin;rgs;gif;jpg;jpeg;jpe;resx;tiff;tif;png;wav;mfcribbon-ms</Extensions>
    </Filter>
    <Filter Include="Header Files\Errors">
      <UniqueIdentifier>{e6540566-c33c-4d64-9c46-2de651cd88df}</UniqueIdentifier>
    </Filter>
    <Filter Include="Header Files\Grammar">
      <UniqueIdentifier>{1675ab5c-a318-497b-b00c-08be7dc6f667}</UniqueIdentifier>
    </Filter>
    <Filter Include="Header Files\Parser">
      <UniqueIdentifier>{7471a403-843f-4db6-b129-aceb786cb222}</UniqueIdentifier>
    </Filter>
    <Filter Include="Source Files\Grammar">
      <UniqueIdentifier>{61a61007-c7ac-4940-b513-6fdb5d249629}</UniqueIdentifier>
    </Filter>
    <Filter Include="Source Files\Error">
      <UniqueIdentifier>{c0e42abc-344c-42bc-b246-0e374ae54531}</UniqueIdentifier>
    </Filter>
    <Filter Include="Source Files\Parser">
      <UniqueIdentifier>{16937b51-842a-4744-9bfb-b98c9287f91d}</UniqueIdentifier>
    </Filter>
    <Filter Include="Header Files\Language">
      <UniqueIdentifier>{ba8b66bc-48b9-45b4-af96-4b3b5b861992}</UniqueIdentifier>
    </Filter>
    <Filter Include="Header Files\Language\Invokable">
      <UniqueIdentifier>{763cb5c1-fd54-4f5c-924d-a0f94f68b539}</UniqueIdentifier>
    </Filter>
    <Filter Include="Source Files\Language">
      <UniqueIdentifier>{a8d027bc-5293-49f9-b9f6-e7feaad20322}</UniqueIdentifier>
    </Filter>
    <Filter Include="Source Files\Language\Invokable">
      <UniqueIdentifier>{b09e599d-b6c1-4895-a4f1-1b4a504b1d5d}</UniqueIdentifier>
    </Filter>
    <Filter Include="Header Files\Lexer">
      <UniqueIdentifier>{84659a89-09aa-4f08-97f0-5196a6bbb420}</UniqueIdentifier>
    </Filter>
    <Filter Include="Source Files\Lexer">
      <UniqueIdentifier>{fdedd49d-1ff5-430f-afc8-dbd2a06e670c}</UniqueIdentifier>
    </Filter>
  </ItemGroup>
  <ItemGroup>
    <ClCompile Include="entry.cpp">
      <Filter>Source Files</Filter>
    </ClCompile>
    <ClCompile Include="Lexer.cpp">
      <Filter>Source Files\Lexer</Filter>
    </ClCompile>
    <ClCompile Include="Grammar.cpp">
      <Filter>Source Files\Grammar</Filter>
    </ClCompile>
    <ClCompile Include="Error.cpp">
      <Filter>Source Files\Error</Filter>
    </ClCompile>
    <ClCompile Include="Parser.cpp">
      <Filter>Source Files\Parser</Filter>
    </ClCompile>
    <ClCompile Include="LangDef.cpp">
      <Filter>Source Files\Language</Filter>
    </ClCompile>
    <ClCompile Include="Exit.cpp">
      <Filter>Source Files\Language\Invokable</Filter>
    </ClCompile>
  </ItemGroup>
  <ItemGroup>
    <ClInclude Include="Errors.h">
      <Filter>Header Files\Errors</Filter>
    </ClInclude>
    <ClInclude Include="Grammar.h">
      <Filter>Header Files\Grammar</Filter>
    </ClInclude>
    <ClInclude Include="Lexer.h">
      <Filter>Header Files\Lexer</Filter>
    </ClInclude>
    <ClInclude Include="Parser.h">
      <Filter>Header Files\Parser</Filter>
    </ClInclude>
    <ClInclude Include="Exit.h">
      <Filter>Header Files\Language\Invokable</Filter>
    </ClInclude>
    <ClInclude Include="LangDef.h">
      <Filter>Header Files\Language</Filter>
    </ClInclude>
  </ItemGroup>
</Project>